# This file is generated by running "yarn install" inside your project.
# Manual changes might be lost - proceed with caution!

__metadata:
  version: 6
  cacheKey: 8

"@cprecioso/tsconfig@workspace:.":
  version: 0.0.0-use.local
  resolution: "@cprecioso/tsconfig@workspace:."
  dependencies:
    prettier: ^2.8.7
    prettier-plugin-organize-imports: ^3.2.2
    prettier-plugin-pkg: ^0.17.1
    prettier-plugin-sh: ^0.12.8
    typescript: ^4.0.3
  peerDependencies:
    typescript: ^4.0.3
  languageName: unknown
  linkType: soft

"@pkgr/utils@npm:^2.3.1":
  version: 2.3.1
  resolution: "@pkgr/utils@npm:2.3.1"
  dependencies:
    cross-spawn: ^7.0.3
    is-glob: ^4.0.3
    open: ^8.4.0
    picocolors: ^1.0.0
    tiny-glob: ^0.2.9
    tslib: ^2.4.0
  checksum: 118a1971120253740121a1db0a6658c21195b7da962acf9c124b507a3df707cfc97b0b84a16edcbd4352853b182e8337da9fc6e8e3d06c60d75ae4fb42321c75
  languageName: node
  linkType: hard

"cross-spawn@npm:^7.0.3":
  version: 7.0.3
  resolution: "cross-spawn@npm:7.0.3"
  dependencies:
    path-key: ^3.1.0
    shebang-command: ^2.0.0
    which: ^2.0.1
  checksum: 671cc7c7288c3a8406f3c69a3ae2fc85555c04169e9d611def9a675635472614f1c0ed0ef80955d5b6d4e724f6ced67f0ad1bb006c2ea643488fcfef994d7f52
  languageName: node
  linkType: hard

"define-lazy-prop@npm:^2.0.0":
  version: 2.0.0
  resolution: "define-lazy-prop@npm:2.0.0"
  checksum: 0115fdb065e0490918ba271d7339c42453d209d4cb619dfe635870d906731eff3e1ade8028bb461ea27ce8264ec5e22c6980612d332895977e89c1bbc80fcee2
  languageName: node
  linkType: hard

"globalyzer@npm:0.1.0":
  version: 0.1.0
  resolution: "globalyzer@npm:0.1.0"
  checksum: 419a0f95ba542534fac0842964d31b3dc2936a479b2b1a8a62bad7e8b61054faa9b0a06ad9f2e12593396b9b2621cac93358d9b3071d33723fb1778608d358a1
  languageName: node
  linkType: hard

"globrex@npm:^0.1.2":
  version: 0.1.2
  resolution: "globrex@npm:0.1.2"
  checksum: adca162494a176ce9ecf4dd232f7b802956bb1966b37f60c15e49d2e7d961b66c60826366dc2649093cad5a0d69970cfa8875bd1695b5a1a2f33dcd2aa88da3c
  languageName: node
  linkType: hard

"is-docker@npm:^2.0.0, is-docker@npm:^2.1.1":
  version: 2.2.1
  resolution: "is-docker@npm:2.2.1"
  bin:
    is-docker: cli.js
  checksum: 3fef7ddbf0be25958e8991ad941901bf5922ab2753c46980b60b05c1bf9c9c2402d35e6dc32e4380b980ef5e1970a5d9d5e5aa2e02d77727c3b6b5e918474c56
  languageName: node
  linkType: hard

"is-extglob@npm:^2.1.1":
  version: 2.1.1
  resolution: "is-extglob@npm:2.1.1"
  checksum: df033653d06d0eb567461e58a7a8c9f940bd8c22274b94bf7671ab36df5719791aae15eef6d83bbb5e23283967f2f984b8914559d4449efda578c775c4be6f85
  languageName: node
  linkType: hard

"is-glob@npm:^4.0.3":
  version: 4.0.3
  resolution: "is-glob@npm:4.0.3"
  dependencies:
    is-extglob: ^2.1.1
  checksum: d381c1319fcb69d341cc6e6c7cd588e17cd94722d9a32dbd60660b993c4fb7d0f19438674e68dfec686d09b7c73139c9166b47597f846af387450224a8101ab4
  languageName: node
  linkType: hard

"is-wsl@npm:^2.2.0":
  version: 2.2.0
  resolution: "is-wsl@npm:2.2.0"
  dependencies:
    is-docker: ^2.0.0
  checksum: 20849846ae414997d290b75e16868e5261e86ff5047f104027026fd61d8b5a9b0b3ade16239f35e1a067b3c7cc02f70183cb661010ed16f4b6c7c93dad1b19d8
  languageName: node
  linkType: hard

"isexe@npm:^2.0.0":
  version: 2.0.0
  resolution: "isexe@npm:2.0.0"
  checksum: 26bf6c5480dda5161c820c5b5c751ae1e766c587b1f951ea3fcfc973bafb7831ae5b54a31a69bd670220e42e99ec154475025a468eae58ea262f813fdc8d1c62
  languageName: node
  linkType: hard

"mvdan-sh@npm:^0.10.1":
  version: 0.10.1
  resolution: "mvdan-sh@npm:0.10.1"
  checksum: 32ac3ad9adb3370a2b98256f1cb80572e7a8bd27958d20c1856e0bf7c339ef3ab232a1547b7615aa670ee8e557702abfc04d7dd362f15cd86ce01bab65172b47
  languageName: node
  linkType: hard

"open@npm:^8.4.0":
  version: 8.4.2
  resolution: "open@npm:8.4.2"
  dependencies:
    define-lazy-prop: ^2.0.0
    is-docker: ^2.1.1
    is-wsl: ^2.2.0
  checksum: 6388bfff21b40cb9bd8f913f9130d107f2ed4724ea81a8fd29798ee322b361ca31fa2cdfb491a5c31e43a3996cfe9566741238c7a741ada8d7af1cb78d85cf26
  languageName: node
  linkType: hard

"path-key@npm:^3.1.0":
  version: 3.1.1
  resolution: "path-key@npm:3.1.1"
  checksum: 55cd7a9dd4b343412a8386a743f9c746ef196e57c823d90ca3ab917f90ab9f13dd0ded27252ba49dbdfcab2b091d998bc446f6220cd3cea65db407502a740020
  languageName: node
  linkType: hard

"picocolors@npm:^1.0.0":
  version: 1.0.0
  resolution: "picocolors@npm:1.0.0"
  checksum: a2e8092dd86c8396bdba9f2b5481032848525b3dc295ce9b57896f931e63fc16f79805144321f72976383fc249584672a75cc18d6777c6b757603f372f745981
  languageName: node
  linkType: hard

"prettier-plugin-organize-imports@npm:^3.2.2":
  version: 3.2.2
  resolution: "prettier-plugin-organize-imports@npm:3.2.2"
  peerDependencies:
    "@volar/vue-language-plugin-pug": ^1.0.4
    "@volar/vue-typescript": ^1.0.4
    prettier: ">=2.0"
    typescript: ">=2.9"
  peerDependenciesMeta:
    "@volar/vue-language-plugin-pug":
      optional: true
    "@volar/vue-typescript":
      optional: true
  checksum: 28620ea73a0a518c93200c7ea17d38a26132db3f55a75954983dff3422d4dd2155515518422b7a68935736aa333b0406a51778053bd30133a57718090272bb5d
  languageName: node
  linkType: hard

"prettier-plugin-pkg@npm:^0.17.1":
  version: 0.17.1
  resolution: "prettier-plugin-pkg@npm:0.17.1"
  peerDependencies:
    prettier: ^2.0.0
  checksum: a1826e68e1048f700f52cfc38ebd7e02ca4dcce4ee310346f043043bdafc58127972b3ee2ec84b3f0017d1fb4852ab510e52b44c503ad6fe72f9103a910b3666
  languageName: node
  linkType: hard

"prettier-plugin-sh@npm:^0.12.8":
  version: 0.12.8
  resolution: "prettier-plugin-sh@npm:0.12.8"
  dependencies:
    mvdan-sh: ^0.10.1
    sh-syntax: ^0.3.6
    synckit: ^0.8.1
  peerDependencies:
    prettier: ^2.0.0
  checksum: a610fa5fdbf4918d2d3e4a2be04665e1e89c5ae50e2f646f9167484666c6653adc73386955ceb42cc7d54d14145111438c43faf157498c4b4842dfd48cc4aabf
  languageName: node
  linkType: hard

"prettier@npm:^2.8.7":
  version: 2.8.7
  resolution: "prettier@npm:2.8.7"
  bin:
    prettier: bin-prettier.js
  checksum: fdc8f2616f099f5f0d685907f4449a70595a0fc1d081a88919604375989e0d5e9168d6121d8cc6861f21990b31665828e00472544d785d5940ea08a17660c3a6
  languageName: node
  linkType: hard

"sh-syntax@npm:^0.3.6":
  version: 0.3.7
  resolution: "sh-syntax@npm:0.3.7"
  dependencies:
    tslib: ^2.4.0
  checksum: cc2e7733b4d62b82760e8a8948ab3fe4c1cb1725aa27e89d65d8fefce7548d3beaa88121cad129c853618d3b4edea07992204f0647e528cbd00a1998c03415ad
  languageName: node
  linkType: hard

"shebang-command@npm:^2.0.0":
  version: 2.0.0
  resolution: "shebang-command@npm:2.0.0"
  dependencies:
    shebang-regex: ^3.0.0
  checksum: 6b52fe87271c12968f6a054e60f6bde5f0f3d2db483a1e5c3e12d657c488a15474121a1d55cd958f6df026a54374ec38a4a963988c213b7570e1d51575cea7fa
  languageName: node
  linkType: hard

"shebang-regex@npm:^3.0.0":
  version: 3.0.0
  resolution: "shebang-regex@npm:3.0.0"
  checksum: 1a2bcae50de99034fcd92ad4212d8e01eedf52c7ec7830eedcf886622804fe36884278f2be8be0ea5fde3fd1c23911643a4e0f726c8685b61871c8908af01222
  languageName: node
  linkType: hard

"synckit@npm:^0.8.1":
  version: 0.8.5
  resolution: "synckit@npm:0.8.5"
  dependencies:
    "@pkgr/utils": ^2.3.1
    tslib: ^2.5.0
  checksum: 8a9560e5d8f3d94dc3cf5f7b9c83490ffa30d320093560a37b88f59483040771fd1750e76b9939abfbb1b5a23fd6dfbae77f6b338abffe7cae7329cd9b9bb86b
  languageName: node
  linkType: hard

"tiny-glob@npm:^0.2.9":
  version: 0.2.9
  resolution: "tiny-glob@npm:0.2.9"
  dependencies:
    globalyzer: 0.1.0
    globrex: ^0.1.2
  checksum: aea5801eb6663ddf77ebb74900b8f8bd9dfcfc9b6a1cc8018cb7421590c00bf446109ff45e4b64a98e6c95ddb1255a337a5d488fb6311930e2a95334151ec9c6
  languageName: node
  linkType: hard

"tslib@npm:^2.4.0, tslib@npm:^2.5.0":
  version: 2.5.0
  resolution: "tslib@npm:2.5.0"
  checksum: ae3ed5f9ce29932d049908ebfdf21b3a003a85653a9a140d614da6b767a93ef94f460e52c3d787f0e4f383546981713f165037dc2274df212ea9f8a4541004e1
  languageName: node
  linkType: hard

"typescript@npm:^4.0.3":
  version: 4.9.5
  resolution: "typescript@npm:4.9.5"
  bin:
    tsc: bin/tsc
    tsserver: bin/tsserver
  checksum: ee000bc26848147ad423b581bd250075662a354d84f0e06eb76d3b892328d8d4440b7487b5a83e851b12b255f55d71835b008a66cbf8f255a11e4400159237db
  languageName: node
  linkType: hard

"typescript@patch:typescript@^4.0.3#~builtin<compat/typescript>":
  version: 4.9.5
  resolution: "typescript@patch:typescript@npm%3A4.9.5#~builtin<compat/typescript>::version=4.9.5&hash=23ec76"
  bin:
    tsc: bin/tsc
    tsserver: bin/tsserver
  checksum: ab417a2f398380c90a6cf5a5f74badd17866adf57f1165617d6a551f059c3ba0a3e4da0d147b3ac5681db9ac76a303c5876394b13b3de75fdd5b1eaa06181c9d
  languageName: node
  linkType: hard

"which@npm:^2.0.1":
  version: 2.0.2
  resolution: "which@npm:2.0.2"
  dependencies:
    isexe: ^2.0.0
  bin:
    node-which: ./bin/node-which
  checksum: 1a5c563d3c1b52d5f893c8b61afe11abc3bab4afac492e8da5bde69d550de701cf9806235f20a47b5c8fa8a1d6a9135841de2596535e998027a54589000e66d1
  languageName: node
  linkType: hard
